
Microsoft Visual Studio Solution File, Format Version 12.00
# Visual Studio Version 17
VisualStudioVersion = 17.9.34701.34
MinimumVisualStudioVersion = 10.0.40219.1
Project("{FAE04EC0-301F-11D3-BF4B-00C04F79EFBC}") = "QLTTT", "QLTTT\QLTTT.csproj", "{D36CE0A3-2EF1-44AF-96B7-C4A7B7A4676C}"
EndProject
Global
	GlobalSection(SolutionConfigurationPlatforms) = preSolution
		Debug|Any CPU = Debug|Any CPU
		Release|Any CPU = Release|Any CPU
	EndGlobalSection
	GlobalSection(ProjectConfigurationPlatforms) = postSolution
		{D36CE0A3-2EF1-44AF-96B7-C4A7B7A4676C}.Debug|Any CPU.ActiveCfg = Debug|Any CPU
		{D36CE0A3-2EF1-44AF-96B7-C4A7B7A4676C}.Debug|Any CPU.Build.0 = Debug|Any CPU
		{D36CE0A3-2EF1-44AF-96B7-C4A7B7A4676C}.Release|Any CPU.ActiveCfg = Release|Any CPU
		{D36CE0A3-2EF1-44AF-96B7-C4A7B7A4676C}.Release|Any CPU.Build.0 = Release|Any CPU
	EndGlobalSection
	GlobalSection(SolutionProperties) = preSolution
		HideSolutionNode = FALSE
	EndGlobalSection
	GlobalSection(ExtensibilityGlobals) = postSolution
		SolutionGuid = {99B6CA35-8402-4284-B2E3-E217BAADDAB7}
	EndGlobalSection
EndGlobal
